
Microsoft Visual Studio Solution File, Format Version 11.00
# Visual Studio 2010
Project("{FAE04EC0-301F-11D3-BF4B-00C04F79EFBC}") = "fMailer.Web", "fMailer.Web\fMailer.Web.csproj", "{F1B7E44D-0B7C-458B-A9EF-4E61A1D8BA12}"
EndProject
Project("{FAE04EC0-301F-11D3-BF4B-00C04F79EFBC}") = "fMailer.Domain", "fMailer.Domain\fMailer.Domain.csproj", "{9974E80C-D840-472F-ABAE-DB47690CF794}"
EndProject
Global
	GlobalSection(SolutionConfigurationPlatforms) = preSolution
		Debug|Any CPU = Debug|Any CPU
		Release|Any CPU = Release|Any CPU
	EndGlobalSection
	GlobalSection(ProjectConfigurationPlatforms) = postSolution
		{F1B7E44D-0B7C-458B-A9EF-4E61A1D8BA12}.Debug|Any CPU.ActiveCfg = Debug|Any CPU
		{F1B7E44D-0B7C-458B-A9EF-4E61A1D8BA12}.Debug|Any CPU.Build.0 = Debug|Any CPU
		{F1B7E44D-0B7C-458B-A9EF-4E61A1D8BA12}.Release|Any CPU.ActiveCfg = Release|Any CPU
		{F1B7E44D-0B7C-458B-A9EF-4E61A1D8BA12}.Release|Any CPU.Build.0 = Release|Any CPU
		{9974E80C-D840-472F-ABAE-DB47690CF794}.Debug|Any CPU.ActiveCfg = Debug|Any CPU
		{9974E80C-D840-472F-ABAE-DB47690CF794}.Debug|Any CPU.Build.0 = Debug|Any CPU
		{9974E80C-D840-472F-ABAE-DB47690CF794}.Release|Any CPU.ActiveCfg = Release|Any CPU
		{9974E80C-D840-472F-ABAE-DB47690CF794}.Release|Any CPU.Build.0 = Release|Any CPU
	EndGlobalSection
	GlobalSection(SolutionProperties) = preSolution
		HideSolutionNode = FALSE
	EndGlobalSection
EndGlobal
